{
	"name": "pizza",
	"version": "1.0.0",
	"lockfileVersion": 1,
	"requires": true,
	"dependencies": {
		"pixelmatch": {
			"version": "4.0.2",
			"resolved": "https://registry.npmjs.org/pixelmatch/-/pixelmatch-4.0.2.tgz",
			"integrity": "sha1-j0fc7FARtHe2fbA8JDvB8wheiFQ=",
			"requires": {
				"pngjs": "3.3.1"
			}
		},
		"pngjs": {
			"version": "3.3.1",
			"resolved": "https://registry.npmjs.org/pngjs/-/pngjs-3.3.1.tgz",
			"integrity": "sha512-ggXCTsqHRIsGMkHlCEhbHhUmNTA2r1lpkE0NL4Q9S8spkXbm4vE9TVmPso2AGYn90Gltdz8W5CyzhcIGg2Gejg=="
		}
	}
}
